
Microsoft Visual Studio Solution File, Format Version 12.00
# Visual Studio Version 16
VisualStudioVersion = 16.0.30413.136
MinimumVisualStudioVersion = 10.0.40219.1
Project("{FAE04EC0-301F-11D3-BF4B-00C04F79EFBC}") = "CRUDBook", "CRUDBook\CRUDBook.csproj", "{38447B9D-1B43-4777-8262-82C5168F23B3}"
EndProject
Global
	GlobalSection(SolutionConfigurationPlatforms) = preSolution
		Debug|Any CPU = Debug|Any CPU
		Release|Any CPU = Release|Any CPU
	EndGlobalSection
	GlobalSection(ProjectConfigurationPlatforms) = postSolution
		{38447B9D-1B43-4777-8262-82C5168F23B3}.Debug|Any CPU.ActiveCfg = Debug|Any CPU
		{38447B9D-1B43-4777-8262-82C5168F23B3}.Debug|Any CPU.Build.0 = Debug|Any CPU
		{38447B9D-1B43-4777-8262-82C5168F23B3}.Release|Any CPU.ActiveCfg = Release|Any CPU
		{38447B9D-1B43-4777-8262-82C5168F23B3}.Release|Any CPU.Build.0 = Release|Any CPU
	EndGlobalSection
	GlobalSection(SolutionProperties) = preSolution
		HideSolutionNode = FALSE
	EndGlobalSection
	GlobalSection(ExtensibilityGlobals) = postSolution
		SolutionGuid = {41EAAA0A-AB13-4D77-AADE-6049BFDED705}
	EndGlobalSection
EndGlobal
